
Microsoft Visual Studio Solution File, Format Version 12.00
# Visual Studio Version 16
VisualStudioVersion = 16.0.31025.194
MinimumVisualStudioVersion = 10.0.40219.1
Project("{9A19103F-16F7-4668-BE54-9A1E7A4F7556}") = "websum", "websum\websum.csproj", "{A72E4986-DE6C-4B07-8DFA-3FA1CECF5D1B}"
EndProject
Global
	GlobalSection(SolutionConfigurationPlatforms) = preSolution
		Debug|Any CPU = Debug|Any CPU
		Release|Any CPU = Release|Any CPU
	EndGlobalSection
	GlobalSection(ProjectConfigurationPlatforms) = postSolution
		{A72E4986-DE6C-4B07-8DFA-3FA1CECF5D1B}.Debug|Any CPU.ActiveCfg = Debug|Any CPU
		{A72E4986-DE6C-4B07-8DFA-3FA1CECF5D1B}.Debug|Any CPU.Build.0 = Debug|Any CPU
		{A72E4986-DE6C-4B07-8DFA-3FA1CECF5D1B}.Release|Any CPU.ActiveCfg = Release|Any CPU
		{A72E4986-DE6C-4B07-8DFA-3FA1CECF5D1B}.Release|Any CPU.Build.0 = Release|Any CPU
	EndGlobalSection
	GlobalSection(SolutionProperties) = preSolution
		HideSolutionNode = FALSE
	EndGlobalSection
	GlobalSection(ExtensibilityGlobals) = postSolution
		SolutionGuid = {70282CD6-2270-4D26-B0FE-7CB151F43E16}
	EndGlobalSection
EndGlobal
